
Microsoft Visual Studio Solution File, Format Version 12.00
# Visual Studio 15
VisualStudioVersion = 15.0.27004.2006
MinimumVisualStudioVersion = 10.0.40219.1
Project("{FAE04EC0-301F-11D3-BF4B-00C04F79EFBC}") = "CLINIC", "CLINIC\CLINIC.csproj", "{FC9EEE74-8082-43FA-AAC2-3BFB6132E36A}"
EndProject
Global
	GlobalSection(SolutionConfigurationPlatforms) = preSolution
		Debug|Any CPU = Debug|Any CPU
		Release|Any CPU = Release|Any CPU
	EndGlobalSection
	GlobalSection(ProjectConfigurationPlatforms) = postSolution
		{FC9EEE74-8082-43FA-AAC2-3BFB6132E36A}.Debug|Any CPU.ActiveCfg = Debug|Any CPU
		{FC9EEE74-8082-43FA-AAC2-3BFB6132E36A}.Debug|Any CPU.Build.0 = Debug|Any CPU
		{FC9EEE74-8082-43FA-AAC2-3BFB6132E36A}.Release|Any CPU.ActiveCfg = Release|Any CPU
		{FC9EEE74-8082-43FA-AAC2-3BFB6132E36A}.Release|Any CPU.Build.0 = Release|Any CPU
	EndGlobalSection
	GlobalSection(SolutionProperties) = preSolution
		HideSolutionNode = FALSE
	EndGlobalSection
	GlobalSection(ExtensibilityGlobals) = postSolution
		SolutionGuid = {F0BCB53B-73FD-40E8-BA3F-2694D3BB0F94}
	EndGlobalSection
EndGlobal
